
Microsoft Visual Studio Solution File, Format Version 12.00
# Visual Studio 15
VisualStudioVersion = 15.0.27004.2008
MinimumVisualStudioVersion = 10.0.40219.1
Project("{FAE04EC0-301F-11D3-BF4B-00C04F79EFBC}") = "WebISS_NFse", "WebISS_NFse\WebISS_NFse.csproj", "{8D002AB9-51BD-42AC-87AE-E8BE14C13941}"
EndProject
Project("{FAE04EC0-301F-11D3-BF4B-00C04F79EFBC}") = "MSXWallet.Plugin.Nfse", "MSXWallet.Plugin.Nfse\MSXWallet.Plugin.Nfse.csproj", "{A7EC4C6E-1C73-40AC-9F0A-DF66996A1C72}"
EndProject
Global
	GlobalSection(SolutionConfigurationPlatforms) = preSolution
		Debug|Any CPU = Debug|Any CPU
		Release|Any CPU = Release|Any CPU
	EndGlobalSection
	GlobalSection(ProjectConfigurationPlatforms) = postSolution
		{8D002AB9-51BD-42AC-87AE-E8BE14C13941}.Debug|Any CPU.ActiveCfg = Debug|Any CPU
		{8D002AB9-51BD-42AC-87AE-E8BE14C13941}.Debug|Any CPU.Build.0 = Debug|Any CPU
		{8D002AB9-51BD-42AC-87AE-E8BE14C13941}.Release|Any CPU.ActiveCfg = Release|Any CPU
		{8D002AB9-51BD-42AC-87AE-E8BE14C13941}.Release|Any CPU.Build.0 = Release|Any CPU
		{A7EC4C6E-1C73-40AC-9F0A-DF66996A1C72}.Debug|Any CPU.ActiveCfg = Debug|Any CPU
		{A7EC4C6E-1C73-40AC-9F0A-DF66996A1C72}.Debug|Any CPU.Build.0 = Debug|Any CPU
		{A7EC4C6E-1C73-40AC-9F0A-DF66996A1C72}.Release|Any CPU.ActiveCfg = Release|Any CPU
		{A7EC4C6E-1C73-40AC-9F0A-DF66996A1C72}.Release|Any CPU.Build.0 = Release|Any CPU
	EndGlobalSection
	GlobalSection(SolutionProperties) = preSolution
		HideSolutionNode = FALSE
	EndGlobalSection
	GlobalSection(ExtensibilityGlobals) = postSolution
		SolutionGuid = {484F9BE5-6CE7-4021-B0F2-88A1138F15A5}
	EndGlobalSection
EndGlobal
